
Microsoft Visual Studio Solution File, Format Version 12.00
# Visual Studio Version 17
VisualStudioVersion = 17.2.32516.85
MinimumVisualStudioVersion = 10.0.40219.1
Project("{FAE04EC0-301F-11D3-BF4B-00C04F79EFBC}") = "ServidorRentaUned", "..\ServidorRentaUned\ServidorRentaUned\ServidorRentaUned.csproj", "{17390F66-4E83-45A9-A083-387B09B3DEBD}"
EndProject
Project("{FAE04EC0-301F-11D3-BF4B-00C04F79EFBC}") = "DLL_Clase", "DLL-Clase\DLL_Clase.csproj", "{02688145-4C8B-4BC2-AF8E-470BAAC12A3D}"
EndProject
Project("{FAE04EC0-301F-11D3-BF4B-00C04F79EFBC}") = "ClienteRentaUned", "..\ClienteRentaUned\ClienteRentaUned\ClienteRentaUned.csproj", "{F51C55C1-7A3E-4209-9C4F-4F0983680B34}"
EndProject
Global
	GlobalSection(SolutionConfigurationPlatforms) = preSolution
		Debug|Any CPU = Debug|Any CPU
		Release|Any CPU = Release|Any CPU
	EndGlobalSection
	GlobalSection(ProjectConfigurationPlatforms) = postSolution
		{17390F66-4E83-45A9-A083-387B09B3DEBD}.Debug|Any CPU.ActiveCfg = Debug|Any CPU
		{17390F66-4E83-45A9-A083-387B09B3DEBD}.Debug|Any CPU.Build.0 = Debug|Any CPU
		{17390F66-4E83-45A9-A083-387B09B3DEBD}.Release|Any CPU.ActiveCfg = Release|Any CPU
		{17390F66-4E83-45A9-A083-387B09B3DEBD}.Release|Any CPU.Build.0 = Release|Any CPU
		{02688145-4C8B-4BC2-AF8E-470BAAC12A3D}.Debug|Any CPU.ActiveCfg = Debug|Any CPU
		{02688145-4C8B-4BC2-AF8E-470BAAC12A3D}.Debug|Any CPU.Build.0 = Debug|Any CPU
		{02688145-4C8B-4BC2-AF8E-470BAAC12A3D}.Release|Any CPU.ActiveCfg = Release|Any CPU
		{02688145-4C8B-4BC2-AF8E-470BAAC12A3D}.Release|Any CPU.Build.0 = Release|Any CPU
		{F51C55C1-7A3E-4209-9C4F-4F0983680B34}.Debug|Any CPU.ActiveCfg = Debug|Any CPU
		{F51C55C1-7A3E-4209-9C4F-4F0983680B34}.Debug|Any CPU.Build.0 = Debug|Any CPU
		{F51C55C1-7A3E-4209-9C4F-4F0983680B34}.Release|Any CPU.ActiveCfg = Release|Any CPU
		{F51C55C1-7A3E-4209-9C4F-4F0983680B34}.Release|Any CPU.Build.0 = Release|Any CPU
	EndGlobalSection
	GlobalSection(SolutionProperties) = preSolution
		HideSolutionNode = FALSE
	EndGlobalSection
	GlobalSection(ExtensibilityGlobals) = postSolution
		SolutionGuid = {E47BE0AE-E764-47E7-9538-DDCA3E067347}
	EndGlobalSection
EndGlobal
